lockfileVersion: '9.0'

settings:
  autoInstallPeers: true
  excludeLinksFromLockfile: false

importers:

  .:
    devDependencies:
      '@biomejs/biome':
        specifier: 2.3.12
        version: 2.3.12
      turbo:
        specifier: 2.7.6
        version: 2.7.6

  apps/desktop:
    devDependencies:
      '@tauri-apps/cli':
        specifier: ^2
        version: 2.9.6

  shared/lib:
    devDependencies:
      typescript:
        specifier: 5.9.3
        version: 5.9.3

  shared/orchestrator:
    devDependencies:
      typescript:
        specifier: 5.9.3
        version: 5.9.3

packages:

  '@biomejs/biome@2.3.12':
    resolution: {integrity: sha512-AR7h4aSlAvXj7TAajW/V12BOw2EiS0AqZWV5dGozf4nlLoUF/ifvD0+YgKSskT0ylA6dY1A8AwgP8kZ6yaCQnA==}
    engines: {node: '>=14.21.3'}
    hasBin: true

  '@biomejs/cli-darwin-arm64@2.3.12':
    resolution: {integrity: sha512-cO6fn+KiMBemva6EARDLQBxeyvLzgidaFRJi8G7OeRqz54kWK0E+uSjgFaiHlc3DZYoa0+1UFE8mDxozpc9ieg==}
    engines: {node: '>=14.21.3'}
    cpu: [arm64]
    os: [darwin]

  '@biomejs/cli-darwin-x64@2.3.12':
    resolution: {integrity: sha512-/fiF/qmudKwSdvmSrSe/gOTkW77mHHkH8Iy7YC2rmpLuk27kbaUOPa7kPiH5l+3lJzTUfU/t6x1OuIq/7SGtxg==}
    engines: {node: '>=14.21.3'}
    cpu: [x64]
    os: [darwin]

  '@biomejs/cli-linux-arm64-musl@2.3.12':
    resolution: {integrity: sha512-aqkeSf7IH+wkzFpKeDVPSXy9uDjxtLpYA6yzkYsY+tVjwFFirSuajHDI3ul8en90XNs1NA0n8kgBrjwRi5JeyA==}
    engines: {node: '>=14.21.3'}
    cpu: [arm64]
    os: [linux]
    libc: [musl]

  '@biomejs/cli-linux-arm64@2.3.12':
    resolution: {integrity: sha512-nbOsuQROa3DLla5vvsTZg+T5WVPGi9/vYxETm9BOuLHBJN3oWQIg3MIkE2OfL18df1ZtNkqXkH6Yg9mdTPem7A==}
    engines: {node: '>=14.21.3'}
    cpu: [arm64]
    os: [linux]
    libc: [glibc]

  '@biomejs/cli-linux-x64-musl@2.3.12':
    resolution: {integrity: sha512-kVGWtupRRsOjvw47YFkk5mLiAdpCPMWBo1jOwAzh+juDpUb2sWarIp+iq+CPL1Wt0LLZnYtP7hH5kD6fskcxmg==}
    engines: {node: '>=14.21.3'}
    cpu: [x64]
    os: [linux]
    libc: [musl]

  '@biomejs/cli-linux-x64@2.3.12':
    resolution: {integrity: sha512-CQtqrJ+qEEI8tgRSTjjzk6wJAwfH3wQlkIGsM5dlecfRZaoT+XCms/mf7G4kWNexrke6mnkRzNy6w8ebV177ow==}
    engines: {node: '>=14.21.3'}
    cpu: [x64]
    os: [linux]
    libc: [glibc]

  '@biomejs/cli-win32-arm64@2.3.12':
    resolution: {integrity: sha512-Re4I7UnOoyE4kHMqpgtG6UvSBGBbbtvsOvBROgCCoH7EgANN6plSQhvo2W7OCITvTp7gD6oZOyZy72lUdXjqZg==}
    engines: {node: '>=14.21.3'}
    cpu: [arm64]
    os: [win32]

  '@biomejs/cli-win32-x64@2.3.12':
    resolution: {integrity: sha512-qqGVWqNNek0KikwPZlOIoxtXgsNGsX+rgdEzgw82Re8nF02W+E2WokaQhpF5TdBh/D/RQ3TLppH+otp6ztN0lw==}
    engines: {node: '>=14.21.3'}
    cpu: [x64]
    os: [win32]

  '@tauri-apps/cli-darwin-arm64@2.9.6':
    resolution: {integrity: sha512-gf5no6N9FCk1qMrti4lfwP77JHP5haASZgVbBgpZG7BUepB3fhiLCXGUK8LvuOjP36HivXewjg72LTnPDScnQQ==}
    engines: {node: '>= 10'}
    cpu: [arm64]
    os: [darwin]

  '@tauri-apps/cli-darwin-x64@2.9.6':
    resolution: {integrity: sha512-oWh74WmqbERwwrwcueJyY6HYhgCksUc6NT7WKeXyrlY/FPmNgdyQAgcLuTSkhRFuQ6zh4Np1HZpOqCTpeZBDcw==}
    engines: {node: '>= 10'}
    cpu: [x64]
    os: [darwin]

  '@tauri-apps/cli-linux-arm-gnueabihf@2.9.6':
    resolution: {integrity: sha512-/zde3bFroFsNXOHN204DC2qUxAcAanUjVXXSdEGmhwMUZeAQalNj5cz2Qli2elsRjKN/hVbZOJj0gQ5zaYUjSg==}
    engines: {node: '>= 10'}
    cpu: [arm]
    os: [linux]

  '@tauri-apps/cli-linux-arm64-gnu@2.9.6':
    resolution: {integrity: sha512-pvbljdhp9VOo4RnID5ywSxgBs7qiylTPlK56cTk7InR3kYSTJKYMqv/4Q/4rGo/mG8cVppesKIeBMH42fw6wjg==}
    engines: {node: '>= 10'}
    cpu: [arm64]
    os: [linux]
    libc: [glibc]

  '@tauri-apps/cli-linux-arm64-musl@2.9.6':
    resolution: {integrity: sha512-02TKUndpodXBCR0oP//6dZWGYcc22Upf2eP27NvC6z0DIqvkBBFziQUcvi2n6SrwTRL0yGgQjkm9K5NIn8s6jw==}
    engines: {node: '>= 10'}
    cpu: [arm64]
    os: [linux]
    libc: [musl]

  '@tauri-apps/cli-linux-riscv64-gnu@2.9.6':
    resolution: {integrity: sha512-fmp1hnulbqzl1GkXl4aTX9fV+ubHw2LqlLH1PE3BxZ11EQk+l/TmiEongjnxF0ie4kV8DQfDNJ1KGiIdWe1GvQ==}
    engines: {node: '>= 10'}
    cpu: [riscv64]
    os: [linux]
    libc: [glibc]

  '@tauri-apps/cli-linux-x64-gnu@2.9.6':
    resolution: {integrity: sha512-vY0le8ad2KaV1PJr+jCd8fUF9VOjwwQP/uBuTJvhvKTloEwxYA/kAjKK9OpIslGA9m/zcnSo74czI6bBrm2sYA==}
    engines: {node: '>= 10'}
    cpu: [x64]
    os: [linux]
    libc: [glibc]

  '@tauri-apps/cli-linux-x64-musl@2.9.6':
    resolution: {integrity: sha512-TOEuB8YCFZTWVDzsO2yW0+zGcoMiPPwcUgdnW1ODnmgfwccpnihDRoks+ABT1e3fHb1ol8QQWsHSCovb3o2ENQ==}
    engines: {node: '>= 10'}
    cpu: [x64]
    os: [linux]
    libc: [musl]

  '@tauri-apps/cli-win32-arm64-msvc@2.9.6':
    resolution: {integrity: sha512-ujmDGMRc4qRLAnj8nNG26Rlz9klJ0I0jmZs2BPpmNNf0gM/rcVHhqbEkAaHPTBVIrtUdf7bGvQAD2pyIiUrBHQ==}
    engines: {node: '>= 10'}
    cpu: [arm64]
    os: [win32]

  '@tauri-apps/cli-win32-ia32-msvc@2.9.6':
    resolution: {integrity: sha512-S4pT0yAJgFX8QRCyKA1iKjZ9Q/oPjCZf66A/VlG5Yw54Nnr88J1uBpmenINbXxzyhduWrIXBaUbEY1K80ZbpMg==}
    engines: {node: '>= 10'}
    cpu: [ia32]
    os: [win32]

  '@tauri-apps/cli-win32-x64-msvc@2.9.6':
    resolution: {integrity: sha512-ldWuWSSkWbKOPjQMJoYVj9wLHcOniv7diyI5UAJ4XsBdtaFB0pKHQsqw/ItUma0VXGC7vB4E9fZjivmxur60aw==}
    engines: {node: '>= 10'}
    cpu: [x64]
    os: [win32]

  '@tauri-apps/cli@2.9.6':
    resolution: {integrity: sha512-3xDdXL5omQ3sPfBfdC8fCtDKcnyV7OqyzQgfyT5P3+zY6lcPqIYKQBvUasNvppi21RSdfhy44ttvJmftb0PCDw==}
    engines: {node: '>= 10'}
    hasBin: true

  turbo-darwin-64@2.7.6:
    resolution: {integrity: sha512-bYu0qnWju2Ha3EbIkPCk1SMLT3sltKh1P/Jy5FER6BmH++H5z+T5MHh3W1Xoers9rk4N1VdKvog9FO1pxQyjhw==}
    cpu: [x64]
    os: [darwin]

  turbo-darwin-arm64@2.7.6:
    resolution: {integrity: sha512-KCxTf3Y1hgNLYIWRLw8bwH8Zie9RyCGoxAlXYsCBI/YNqBSR+ZZK9KYzFxAqDaVaNvTwLFv3rJRGsXOFWg4+Uw==}
    cpu: [arm64]
    os: [darwin]

  turbo-linux-64@2.7.6:
    resolution: {integrity: sha512-vjoU8zIfNgvJR3cMitgw7inEoi6bmuVuFawDl5yKtxjAEhDktFdRBpGS3WojD4l3BklBbIK689ssXcGf21LxRA==}
    cpu: [x64]
    os: [linux]

  turbo-linux-arm64@2.7.6:
    resolution: {integrity: sha512-TcMpBvTqZf+1DptrVYLbZls7WY1UVNDTGaf0bo7/GCgWYv5eZHCVo4Td7kCJeDU4glbXg67REX0md0S0V6ghMg==}
    cpu: [arm64]
    os: [linux]

  turbo-windows-64@2.7.6:
    resolution: {integrity: sha512-1/MhkYldiihjneY8QnnDMbAkHXn/udTWSVYS94EMlkE9AShozsLTTOT1gDOpX06EfEW5njP09suhMvxbvwuwpQ==}
    cpu: [x64]
    os: [win32]

  turbo-windows-arm64@2.7.6:
    resolution: {integrity: sha512-0wDVnUJLFAWm4ZzOQFDkbyyUqaszorTGf3Rdc22IRIyJTTLd6ajqdb+cWD89UZ1RKr953+PZR1gqgWQY4PDuhA==}
    cpu: [arm64]
    os: [win32]

  turbo@2.7.6:
    resolution: {integrity: sha512-PO9AvJLEsNLO+EYhF4zB+v10hOjsJe5kJW+S6tTbRv+TW7gf1Qer4mfjP9h3/y9h8ZiPvOrenxnEgDtFgaM5zw==}
    hasBin: true

  typescript@5.9.3:
    resolution: {integrity: sha512-jl1vZzPDinLr9eUt3J/t7V6FgNEw9QjvBPdysz9KfQDD41fQrC2Y4vKQdiaUpFT4bXlb1RHhLpp8wtm6M5TgSw==}
    engines: {node: '>=14.17'}
    hasBin: true

snapshots:

  '@biomejs/biome@2.3.12':
    optionalDependencies:
      '@biomejs/cli-darwin-arm64': 2.3.12
      '@biomejs/cli-darwin-x64': 2.3.12
      '@biomejs/cli-linux-arm64': 2.3.12
      '@biomejs/cli-linux-arm64-musl': 2.3.12
      '@biomejs/cli-linux-x64': 2.3.12
      '@biomejs/cli-linux-x64-musl': 2.3.12
      '@biomejs/cli-win32-arm64': 2.3.12
      '@biomejs/cli-win32-x64': 2.3.12

  '@biomejs/cli-darwin-arm64@2.3.12':
    optional: true

  '@biomejs/cli-darwin-x64@2.3.12':
    optional: true

  '@biomejs/cli-linux-arm64-musl@2.3.12':
    optional: true

  '@biomejs/cli-linux-arm64@2.3.12':
    optional: true

  '@biomejs/cli-linux-x64-musl@2.3.12':
    optional: true

  '@biomejs/cli-linux-x64@2.3.12':
    optional: true

  '@biomejs/cli-win32-arm64@2.3.12':
    optional: true

  '@biomejs/cli-win32-x64@2.3.12':
    optional: true

  '@tauri-apps/cli-darwin-arm64@2.9.6':
    optional: true

  '@tauri-apps/cli-darwin-x64@2.9.6':
    optional: true

  '@tauri-apps/cli-linux-arm-gnueabihf@2.9.6':
    optional: true

  '@tauri-apps/cli-linux-arm64-gnu@2.9.6':
    optional: true

  '@tauri-apps/cli-linux-arm64-musl@2.9.6':
    optional: true

  '@tauri-apps/cli-linux-riscv64-gnu@2.9.6':
    optional: true

  '@tauri-apps/cli-linux-x64-gnu@2.9.6':
    optional: true

  '@tauri-apps/cli-linux-x64-musl@2.9.6':
    optional: true

  '@tauri-apps/cli-win32-arm64-msvc@2.9.6':
    optional: true

  '@tauri-apps/cli-win32-ia32-msvc@2.9.6':
    optional: true

  '@tauri-apps/cli-win32-x64-msvc@2.9.6':
    optional: true

  '@tauri-apps/cli@2.9.6':
    optionalDependencies:
      '@tauri-apps/cli-darwin-arm64': 2.9.6
      '@tauri-apps/cli-darwin-x64': 2.9.6
      '@tauri-apps/cli-linux-arm-gnueabihf': 2.9.6
      '@tauri-apps/cli-linux-arm64-gnu': 2.9.6
      '@tauri-apps/cli-linux-arm64-musl': 2.9.6
      '@tauri-apps/cli-linux-riscv64-gnu': 2.9.6
      '@tauri-apps/cli-linux-x64-gnu': 2.9.6
      '@tauri-apps/cli-linux-x64-musl': 2.9.6
      '@tauri-apps/cli-win32-arm64-msvc': 2.9.6
      '@tauri-apps/cli-win32-ia32-msvc': 2.9.6
      '@tauri-apps/cli-win32-x64-msvc': 2.9.6

  turbo-darwin-64@2.7.6:
    optional: true

  turbo-darwin-arm64@2.7.6:
    optional: true

  turbo-linux-64@2.7.6:
    optional: true

  turbo-linux-arm64@2.7.6:
    optional: true

  turbo-windows-64@2.7.6:
    optional: true

  turbo-windows-arm64@2.7.6:
    optional: true

  turbo@2.7.6:
    optionalDependencies:
      turbo-darwin-64: 2.7.6
      turbo-darwin-arm64: 2.7.6
      turbo-linux-64: 2.7.6
      turbo-linux-arm64: 2.7.6
      turbo-windows-64: 2.7.6
      turbo-windows-arm64: 2.7.6

  typescript@5.9.3: {}
